
Microsoft Visual Studio Solution File, Format Version 12.00
# Visual Studio Version 16
VisualStudioVersion = 16.0.30309.148
MinimumVisualStudioVersion = 10.0.40219.1
Project("{FAE04EC0-301F-11D3-BF4B-00C04F79EFBC}") = "Senior_project_v1", "Senior_project_v1.csproj", "{F26B227D-7CB5-432C-A814-50CAA4B9A1A3}"
EndProject
Global
	GlobalSection(SolutionConfigurationPlatforms) = preSolution
		Debug|Any CPU = Debug|Any CPU
		Release|Any CPU = Release|Any CPU
	EndGlobalSection
	GlobalSection(ProjectConfigurationPlatforms) = postSolution
		{F26B227D-7CB5-432C-A814-50CAA4B9A1A3}.Debug|Any CPU.ActiveCfg = Debug|Any CPU
		{F26B227D-7CB5-432C-A814-50CAA4B9A1A3}.Debug|Any CPU.Build.0 = Debug|Any CPU
		{F26B227D-7CB5-432C-A814-50CAA4B9A1A3}.Release|Any CPU.ActiveCfg = Release|Any CPU
		{F26B227D-7CB5-432C-A814-50CAA4B9A1A3}.Release|Any CPU.Build.0 = Release|Any CPU
	EndGlobalSection
	GlobalSection(SolutionProperties) = preSolution
		HideSolutionNode = FALSE
	EndGlobalSection
	GlobalSection(ExtensibilityGlobals) = postSolution
		SolutionGuid = {965EBA61-9792-4283-95DC-85B62A08EE91}
	EndGlobalSection
EndGlobal
